
Microsoft Visual Studio Solution File, Format Version 12.00
# Visual Studio Version 17
VisualStudioVersion = 17.3.32811.315
MinimumVisualStudioVersion = 10.0.40219.1
Project("{FAE04EC0-301F-11D3-BF4B-00C04F79EFBC}") = "P01", "P01\P01.csproj", "{28E644ED-66B7-48B2-BBCC-3E23850D40EE}"
EndProject
Project("{FAE04EC0-301F-11D3-BF4B-00C04F79EFBC}") = "P02", "P02\P02.csproj", "{00ADE6B9-BBE1-4719-97F2-47F87A2E9C45}"
EndProject
Global
	GlobalSection(SolutionConfigurationPlatforms) = preSolution
		Debug|Any CPU = Debug|Any CPU
		Release|Any CPU = Release|Any CPU
	EndGlobalSection
	GlobalSection(ProjectConfigurationPlatforms) = postSolution
		{28E644ED-66B7-48B2-BBCC-3E23850D40EE}.Debug|Any CPU.ActiveCfg = Debug|Any CPU
		{28E644ED-66B7-48B2-BBCC-3E23850D40EE}.Debug|Any CPU.Build.0 = Debug|Any CPU
		{28E644ED-66B7-48B2-BBCC-3E23850D40EE}.Release|Any CPU.ActiveCfg = Release|Any CPU
		{28E644ED-66B7-48B2-BBCC-3E23850D40EE}.Release|Any CPU.Build.0 = Release|Any CPU
		{00ADE6B9-BBE1-4719-97F2-47F87A2E9C45}.Debug|Any CPU.ActiveCfg = Debug|Any CPU
		{00ADE6B9-BBE1-4719-97F2-47F87A2E9C45}.Debug|Any CPU.Build.0 = Debug|Any CPU
		{00ADE6B9-BBE1-4719-97F2-47F87A2E9C45}.Release|Any CPU.ActiveCfg = Release|Any CPU
		{00ADE6B9-BBE1-4719-97F2-47F87A2E9C45}.Release|Any CPU.Build.0 = Release|Any CPU
	EndGlobalSection
	GlobalSection(SolutionProperties) = preSolution
		HideSolutionNode = FALSE
	EndGlobalSection
	GlobalSection(ExtensibilityGlobals) = postSolution
		SolutionGuid = {340E3974-73B8-402E-9C5B-C7DE83FE379A}
	EndGlobalSection
EndGlobal
